{
  "name": "HL7parser",
  "lockfileVersion": 2,
  "requires": true,
  "packages": {
    "": {
      "dependencies": {
        "@rimiti/hl7-object-parser": "^2.9.0"
      }
    },
    "node_modules/@rimiti/hl7-object-parser": {
      "version": "2.9.0",
      "resolved": "https://registry.npmjs.org/@rimiti/hl7-object-parser/-/hl7-object-parser-2.9.0.tgz",
      "integrity": "sha512-fCmnt8cHYfj4V+8+LM1q7gqDbc9TVSHIPAwWGyKJNght5l/IC4fjF64VYzpXI2LtX8mR6XLIxM9NQm195hMiCA==",
      "dependencies": {
        "simple-hl7": "^2.2.1"
      }
    },
    "node_modules/simple-hl7": {
      "version": "2.2.2",
      "resolved": "https://registry.npmjs.org/simple-hl7/-/simple-hl7-2.2.2.tgz",
      "integrity": "sha512-9zrd1HdNU0ZPToXM4E9L6ozHuAvR2/WQ5+WO+Cw/6mApTz5xe7tCDw5MBkUvcSriYl23X73MzjlHlhxIAf7ung==",
      "dependencies": {
        "moment": "2.24.0",
        "utils-merge": "1.0.0",
        "watch": "0.16.0"
      }
    },
    "node_modules/simple-hl7/node_modules/exec-sh": {
      "version": "0.2.2",
      "resolved": "https://registry.npmjs.org/exec-sh/-/exec-sh-0.2.2.tgz",
      "integrity": "sha512-FIUCJz1RbuS0FKTdaAafAByGS0CPvU3R0MeHxgtl+djzCc//F8HakL8GzmVNZanasTbTAY/3DRFA0KpVqj/eAw==",
      "dependencies": {
        "merge": "^1.2.0"
      }
    },
    "node_modules/simple-hl7/node_modules/merge": {
      "version": "1.2.1",
      "resolved": "https://registry.npmjs.org/merge/-/merge-1.2.1.tgz",
      "integrity": "sha512-VjFo4P5Whtj4vsLzsYBu5ayHhoHJ0UqNm7ibvShmbmoz7tGi0vXaoJbGdB+GmDMLUdg8DpQXEIeVDAe8MaABvQ=="
    },
    "node_modules/simple-hl7/node_modules/minimist": {
      "version": "1.2.6",
      "resolved": "https://registry.npmjs.org/minimist/-/minimist-1.2.6.tgz",
      "integrity": "sha512-Jsjnk4bw3YJqYzbdyBiNsPWHPfO++UGG749Cxs6peCu5Xg4nrena6OVxOYxrQTqww0Jmwt+Ref8rggumkTLz9Q=="
    },
    "node_modules/simple-hl7/node_modules/moment": {
      "version": "2.24.0",
      "resolved": "https://registry.npmjs.org/moment/-/moment-2.24.0.tgz",
      "integrity": "sha512-bV7f+6l2QigeBBZSM/6yTNq4P2fNpSWj/0e7jQcy87A8e7o2nAfP/34/2ky5Vw4B9S446EtIhodAzkFCcR4dQg==",
      "engines": {
        "node": "*"
      }
    },
    "node_modules/simple-hl7/node_modules/utils-merge": {
      "version": "1.0.0",
      "resolved": "https://registry.npmjs.org/utils-merge/-/utils-merge-1.0.0.tgz",
      "integrity": "sha512-HwU9SLQEtyo+0uoKXd1nkLqigUWLB+QuNQR4OcmB73eWqksM5ovuqcycks2x043W8XVb75rG1HQ0h93TMXkzQQ==",
      "engines": {
        "node": ">= 0.4.0"
      }
    },
    "node_modules/simple-hl7/node_modules/watch": {
      "version": "0.16.0",
      "resolved": "https://registry.npmjs.org/watch/-/watch-0.16.0.tgz",
      "integrity": "sha512-EvFxSN6YhYV9esnZJsyGKZ9wPPnoL0ONgR9UNJHmoTktCuO7DHP0DdSS3iUxVHTol3Qs3M8NYKyJjpG46JW1GQ==",
      "engines": [
        "node >=0.1.95"
      ],
      "dependencies": {
        "exec-sh": "^0.2.0",
        "minimist": "^1.1.0"
      },
      "bin": {
        "watch": "cli.js"
      }
    }
  },
  "dependencies": {
    "@rimiti/hl7-object-parser": {
      "version": "2.9.0",
      "resolved": "https://registry.npmjs.org/@rimiti/hl7-object-parser/-/hl7-object-parser-2.9.0.tgz",
      "integrity": "sha512-fCmnt8cHYfj4V+8+LM1q7gqDbc9TVSHIPAwWGyKJNght5l/IC4fjF64VYzpXI2LtX8mR6XLIxM9NQm195hMiCA==",
      "requires": {
        "simple-hl7": "^2.2.1"
      }
    },
    "simple-hl7": {
      "version": "2.2.2",
      "resolved": "https://registry.npmjs.org/simple-hl7/-/simple-hl7-2.2.2.tgz",
      "integrity": "sha512-9zrd1HdNU0ZPToXM4E9L6ozHuAvR2/WQ5+WO+Cw/6mApTz5xe7tCDw5MBkUvcSriYl23X73MzjlHlhxIAf7ung==",
      "requires": {
        "moment": "2.24.0",
        "utils-merge": "1.0.0",
        "watch": "0.16.0"
      },
      "dependencies": {
        "exec-sh": {
          "version": "0.2.2",
          "resolved": "https://registry.npmjs.org/exec-sh/-/exec-sh-0.2.2.tgz",
          "integrity": "sha512-FIUCJz1RbuS0FKTdaAafAByGS0CPvU3R0MeHxgtl+djzCc//F8HakL8GzmVNZanasTbTAY/3DRFA0KpVqj/eAw==",
          "requires": {
            "merge": "^1.2.0"
          }
        },
        "merge": {
          "version": "1.2.1",
          "resolved": "https://registry.npmjs.org/merge/-/merge-1.2.1.tgz",
          "integrity": "sha512-VjFo4P5Whtj4vsLzsYBu5ayHhoHJ0UqNm7ibvShmbmoz7tGi0vXaoJbGdB+GmDMLUdg8DpQXEIeVDAe8MaABvQ=="
        },
        "minimist": {
          "version": "1.2.6",
          "resolved": "https://registry.npmjs.org/minimist/-/minimist-1.2.6.tgz",
          "integrity": "sha512-Jsjnk4bw3YJqYzbdyBiNsPWHPfO++UGG749Cxs6peCu5Xg4nrena6OVxOYxrQTqww0Jmwt+Ref8rggumkTLz9Q=="
        },
        "moment": {
          "version": "2.24.0",
          "resolved": "https://registry.npmjs.org/moment/-/moment-2.24.0.tgz",
          "integrity": "sha512-bV7f+6l2QigeBBZSM/6yTNq4P2fNpSWj/0e7jQcy87A8e7o2nAfP/34/2ky5Vw4B9S446EtIhodAzkFCcR4dQg=="
        },
        "utils-merge": {
          "version": "1.0.0",
          "resolved": "https://registry.npmjs.org/utils-merge/-/utils-merge-1.0.0.tgz",
          "integrity": "sha512-HwU9SLQEtyo+0uoKXd1nkLqigUWLB+QuNQR4OcmB73eWqksM5ovuqcycks2x043W8XVb75rG1HQ0h93TMXkzQQ=="
        },
        "watch": {
          "version": "0.16.0",
          "resolved": "https://registry.npmjs.org/watch/-/watch-0.16.0.tgz",
          "integrity": "sha512-EvFxSN6YhYV9esnZJsyGKZ9wPPnoL0ONgR9UNJHmoTktCuO7DHP0DdSS3iUxVHTol3Qs3M8NYKyJjpG46JW1GQ==",
          "requires": {
            "exec-sh": "^0.2.0",
            "minimist": "^1.1.0"
          }
        }
      }
    }
  }
}
